
Microsoft Visual Studio Solution File, Format Version 12.00
# Visual Studio Version 17
VisualStudioVersion = 17.1.32319.34
MinimumVisualStudioVersion = 10.0.40219.1
Project("{FAE04EC0-301F-11D3-BF4B-00C04F79EFBC}") = "Lesson13_1", "Lesson13_1\Lesson13_1.csproj", "{46CBEF1C-7FA1-463E-B6D0-52C69BE1F23B}"
EndProject
Project("{FAE04EC0-301F-11D3-BF4B-00C04F79EFBC}") = "Lesson13_2", "Lesson13_2\Lesson13_2.csproj", "{5D13DFD5-58E9-44F8-BF08-D7A98DC309B3}"
EndProject
Project("{FAE04EC0-301F-11D3-BF4B-00C04F79EFBC}") = "Lesson13_3", "Lesson13_3\Lesson13_3.csproj", "{65383D9E-D2FE-4B9A-92BC-33F57929F837}"
EndProject
Global
	GlobalSection(SolutionConfigurationPlatforms) = preSolution
		Debug|Any CPU = Debug|Any CPU
		Release|Any CPU = Release|Any CPU
	EndGlobalSection
	GlobalSection(ProjectConfigurationPlatforms) = postSolution
		{46CBEF1C-7FA1-463E-B6D0-52C69BE1F23B}.Debug|Any CPU.ActiveCfg = Debug|Any CPU
		{46CBEF1C-7FA1-463E-B6D0-52C69BE1F23B}.Debug|Any CPU.Build.0 = Debug|Any CPU
		{46CBEF1C-7FA1-463E-B6D0-52C69BE1F23B}.Release|Any CPU.ActiveCfg = Release|Any CPU
		{46CBEF1C-7FA1-463E-B6D0-52C69BE1F23B}.Release|Any CPU.Build.0 = Release|Any CPU
		{5D13DFD5-58E9-44F8-BF08-D7A98DC309B3}.Debug|Any CPU.ActiveCfg = Debug|Any CPU
		{5D13DFD5-58E9-44F8-BF08-D7A98DC309B3}.Debug|Any CPU.Build.0 = Debug|Any CPU
		{5D13DFD5-58E9-44F8-BF08-D7A98DC309B3}.Release|Any CPU.ActiveCfg = Release|Any CPU
		{5D13DFD5-58E9-44F8-BF08-D7A98DC309B3}.Release|Any CPU.Build.0 = Release|Any CPU
		{65383D9E-D2FE-4B9A-92BC-33F57929F837}.Debug|Any CPU.ActiveCfg = Debug|Any CPU
		{65383D9E-D2FE-4B9A-92BC-33F57929F837}.Debug|Any CPU.Build.0 = Debug|Any CPU
		{65383D9E-D2FE-4B9A-92BC-33F57929F837}.Release|Any CPU.ActiveCfg = Release|Any CPU
		{65383D9E-D2FE-4B9A-92BC-33F57929F837}.Release|Any CPU.Build.0 = Release|Any CPU
	EndGlobalSection
	GlobalSection(SolutionProperties) = preSolution
		HideSolutionNode = FALSE
	EndGlobalSection
	GlobalSection(ExtensibilityGlobals) = postSolution
		SolutionGuid = {90979FA1-4E71-4ABE-BDFB-3F31534FC4B2}
	EndGlobalSection
EndGlobal
